
Microsoft Visual Studio Solution File, Format Version 12.00
# Visual Studio Version 17
VisualStudioVersion = 17.14.36121.58 d17.14
MinimumVisualStudioVersion = 10.0.40219.1
Project("{FAE04EC0-301F-11D3-BF4B-00C04F79EFBC}") = "AppleNotificationV2Webhook", "AppleNotificationV2Webhook\AppleNotificationV2Webhook.csproj", "{B000EA06-D31F-4D0B-AA95-B2CC5A5F1893}"
EndProject
Global
	GlobalSection(SolutionConfigurationPlatforms) = preSolution
		Debug|Any CPU = Debug|Any CPU
		Release|Any CPU = Release|Any CPU
	EndGlobalSection
	GlobalSection(ProjectConfigurationPlatforms) = postSolution
		{B000EA06-D31F-4D0B-AA95-B2CC5A5F1893}.Debug|Any CPU.ActiveCfg = Debug|Any CPU
		{B000EA06-D31F-4D0B-AA95-B2CC5A5F1893}.Debug|Any CPU.Build.0 = Debug|Any CPU
		{B000EA06-D31F-4D0B-AA95-B2CC5A5F1893}.Release|Any CPU.ActiveCfg = Release|Any CPU
		{B000EA06-D31F-4D0B-AA95-B2CC5A5F1893}.Release|Any CPU.Build.0 = Release|Any CPU
	EndGlobalSection
	GlobalSection(SolutionProperties) = preSolution
		HideSolutionNode = FALSE
	EndGlobalSection
	GlobalSection(ExtensibilityGlobals) = postSolution
		SolutionGuid = {0CD15BA6-4C66-4117-A9E5-0BFBE37BE287}
	EndGlobalSection
EndGlobal
